{
  "nodes": {
    "ci-detector": {
      "inputs": {
        "nixpkgs": "nixpkgs"
      },
      "locked": {
        "lastModified": 1671574573,
        "narHash": "sha256-TeOCQBpbc/UBFEMBJy/FW+TiB45bl4fMQ+BgM2OxOu0=",
        "owner": "loophp",
        "repo": "ci-detector",
        "rev": "6ca68c4dc1e9bfa1ae26031da942210906dbd067",
        "type": "github"
      },
      "original": {
        "owner": "loophp",
        "repo": "ci-detector",
        "type": "github"
      }
    },
    "ci-detector_2": {
      "inputs": {
        "nixpkgs": "nixpkgs_3"
      },
      "locked": {
        "lastModified": 1670806719,
        "narHash": "sha256-/xSm08ROs0mGEAkOOBddxckX+Tu/Qrkqzg4/QdnbZ0Y=",
        "owner": "loophp",
        "repo": "ci-detector",
        "rev": "03f86afb4d98cd38f1f3cab9a4392360a4b84e16",
        "type": "github"
      },
      "original": {
        "owner": "loophp",
        "repo": "ci-detector",
        "type": "github"
      }
    },
    "ec-fonts": {
      "inputs": {
        "flake-utils": "flake-utils",
        "nixpkgs": "nixpkgs_2"
      },
      "locked": {
        "lastModified": 1669903195,
        "narHash": "sha256-K7rPQcFZnfH1ZzrjHgjHHhkUqJ9T0vwA+cX/kScZQBE=",
        "ref": "refs/heads/main",
        "rev": "e33dbf1fea32406a66fa97ecb3a0db77fda74991",
        "revCount": 13,
        "type": "git",
        "url": "https://code.europa.eu/pol/ec-fonts/"
      },
      "original": {
        "type": "git",
        "url": "https://code.europa.eu/pol/ec-fonts/"
      }
    },
    "ec-fonts_2": {
      "inputs": {
        "flake-utils": "flake-utils_2",
        "nixpkgs": "nixpkgs_4"
      },
      "locked": {
        "lastModified": 1669903195,
        "narHash": "sha256-K7rPQcFZnfH1ZzrjHgjHHhkUqJ9T0vwA+cX/kScZQBE=",
        "ref": "refs/heads/main",
        "rev": "e33dbf1fea32406a66fa97ecb3a0db77fda74991",
        "revCount": 13,
        "type": "git",
        "url": "https://code.europa.eu/pol/ec-fonts/"
      },
      "original": {
        "type": "git",
        "url": "https://code.europa.eu/pol/ec-fonts/"
      }
    },
    "ec-theme": {
      "inputs": {
        "ci-detector": "ci-detector_2",
        "ec-fonts": "ec-fonts_2",
        "flake-utils": "flake-utils_3",
        "nix-filter": "nix-filter",
        "nixpkgs": "nixpkgs_5"
      },
      "locked": {
        "lastModified": 1671025372,
        "narHash": "sha256-6jCRTmFu6hxV0wm7acmHrQO/TAiQxECqoodNi3doCSU=",
        "ref": "refs/heads/master",
        "rev": "bcfad3934599ff95434ddb4c9fa3bc5b6c9a4fcd",
        "revCount": 102,
        "type": "git",
        "url": "https://code.europa.eu/pol/european-commission-latex-beamer-theme/"
      },
      "original": {
        "type": "git",
        "url": "https://code.europa.eu/pol/european-commission-latex-beamer-theme/"
      }
    },
    "flake-utils": {
      "locked": {
        "lastModified": 1667395993,
        "narHash": "sha256-nuEHfE/LcWyuSWnS8t12N1wc105Qtau+/OdUAjtQ0rA=",
        "owner": "numtide",
        "repo": "flake-utils",
        "rev": "5aed5285a952e0b949eb3ba02c12fa4fcfef535f",
        "type": "github"
      },
      "original": {
        "owner": "numtide",
        "repo": "flake-utils",
        "type": "github"
      }
    },
    "flake-utils_2": {
      "locked": {
        "lastModified": 1667395993,
        "narHash": "sha256-nuEHfE/LcWyuSWnS8t12N1wc105Qtau+/OdUAjtQ0rA=",
        "owner": "numtide",
        "repo": "flake-utils",
        "rev": "5aed5285a952e0b949eb3ba02c12fa4fcfef535f",
        "type": "github"
      },
      "original": {
        "owner": "numtide",
        "repo": "flake-utils",
        "type": "github"
      }
    },
    "flake-utils_3": {
      "locked": {
        "lastModified": 1667395993,
        "narHash": "sha256-nuEHfE/LcWyuSWnS8t12N1wc105Qtau+/OdUAjtQ0rA=",
        "owner": "numtide",
        "repo": "flake-utils",
        "rev": "5aed5285a952e0b949eb3ba02c12fa4fcfef535f",
        "type": "github"
      },
      "original": {
        "owner": "numtide",
        "repo": "flake-utils",
        "type": "github"
      }
    },
    "flake-utils_4": {
      "locked": {
        "lastModified": 1667395993,
        "narHash": "sha256-nuEHfE/LcWyuSWnS8t12N1wc105Qtau+/OdUAjtQ0rA=",
        "owner": "numtide",
        "repo": "flake-utils",
        "rev": "5aed5285a952e0b949eb3ba02c12fa4fcfef535f",
        "type": "github"
      },
      "original": {
        "owner": "numtide",
        "repo": "flake-utils",
        "type": "github"
      }
    },
    "nix-filter": {
      "locked": {
        "lastModified": 1666547822,
        "narHash": "sha256-razwnAybPHyoAyhkKCwXdxihIqJi1G6e1XP4FQOJTEs=",
        "owner": "numtide",
        "repo": "nix-filter",
        "rev": "1a3b735e13e90a8d2fd5629f2f8363bd7ffbbec7",
        "type": "github"
      },
      "original": {
        "owner": "numtide",
        "repo": "nix-filter",
        "type": "github"
      }
    },
    "nixpkgs": {
      "locked": {
        "lastModified": 1671268780,
        "narHash": "sha256-9Okbivo10bcXEGCtmAQNfJt1Zpk6B3tjkSQ2CIXmTCg=",
        "owner": "NixOS",
        "repo": "nixpkgs",
        "rev": "80c24eeb9ff46aa99617844d0c4168659e35175f",
        "type": "github"
      },
      "original": {
        "owner": "NixOS",
        "ref": "nixpkgs-unstable",
        "repo": "nixpkgs",
        "type": "github"
      }
    },
    "nixpkgs_2": {
      "locked": {
        "lastModified": 1669535121,
        "narHash": "sha256-koZLM7oWVGrjyHnYDo7/w5qlmUn9UZUKSFNfmIjueE8=",
        "owner": "NixOS",
        "repo": "nixpkgs",
        "rev": "b45ec953794bb07922f0468152ad1ebaf8a084b3",
        "type": "github"
      },
      "original": {
        "owner": "NixOS",
        "ref": "nixpkgs-unstable",
        "repo": "nixpkgs",
        "type": "github"
      }
    },
    "nixpkgs_3": {
      "locked": {
        "lastModified": 1670771160,
        "narHash": "sha256-ze4w84B+RbNqm0laRBgXIOZlnOI/5wlCKJWe1LXqSBA=",
        "owner": "NixOS",
        "repo": "nixpkgs",
        "rev": "0e857e0089d78dee29818dc92722a72f1dea506f",
        "type": "github"
      },
      "original": {
        "owner": "NixOS",
        "ref": "nixpkgs-unstable",
        "repo": "nixpkgs",
        "type": "github"
      }
    },
    "nixpkgs_4": {
      "locked": {
        "lastModified": 1669535121,
        "narHash": "sha256-koZLM7oWVGrjyHnYDo7/w5qlmUn9UZUKSFNfmIjueE8=",
        "owner": "NixOS",
        "repo": "nixpkgs",
        "rev": "b45ec953794bb07922f0468152ad1ebaf8a084b3",
        "type": "github"
      },
      "original": {
        "owner": "NixOS",
        "ref": "nixpkgs-unstable",
        "repo": "nixpkgs",
        "type": "github"
      }
    },
    "nixpkgs_5": {
      "locked": {
        "lastModified": 1670827406,
        "narHash": "sha256-nLNk7uiLbhbvb4TVz67XK7+Ezr1zcWYDWmNrWGmEUqA=",
        "owner": "NixOS",
        "repo": "nixpkgs",
        "rev": "ffca9ffaaafb38c8979068cee98b2644bd3f14cb",
        "type": "github"
      },
      "original": {
        "owner": "NixOS",
        "ref": "nixpkgs-unstable",
        "repo": "nixpkgs",
        "type": "github"
      }
    },
    "nixpkgs_6": {
      "locked": {
        "lastModified": 1671458120,
        "narHash": "sha256-2+k/OONN4OF21TeoNjKB5sXVZv6Zvm/uEyQIW9OYCg8=",
        "owner": "NixOS",
        "repo": "nixpkgs",
        "rev": "e37ef84b478fa8da0ced96522adfd956fde9047a",
        "type": "github"
      },
      "original": {
        "owner": "NixOS",
        "ref": "nixpkgs-unstable",
        "repo": "nixpkgs",
        "type": "github"
      }
    },
    "root": {
      "inputs": {
        "ci-detector": "ci-detector",
        "ec-fonts": "ec-fonts",
        "ec-theme": "ec-theme",
        "flake-utils": "flake-utils_4",
        "nixpkgs": "nixpkgs_6"
      }
    }
  },
  "root": "root",
  "version": 7
}
